// !$*UTF8*$!
{
	archiveVersion = 1;
	classes = {
	};
	objectVersion = 50;
	objects = {

/* Begin PBXBuildFile section */
		4B66CDBD2463646E00485437 /* JSONFetcher.swift in Sources */ = {isa = PBXBuildFile; fileRef = 4B66CDBC2463646E00485437 /* JSONFetcher.swift */; };
		4B66CDBF246364DC00485437 /* JSONFetcherDelegate.swift in Sources */ = {isa = PBXBuildFile; fileRef = 4B66CDBE246364DC00485437 /* JSONFetcherDelegate.swift */; };
		4B66CDC12463650A00485437 /* WeatherModel.swift in Sources */ = {isa = PBXBuildFile; fileRef = 4B66CDC02463650A00485437 /* WeatherModel.swift */; };
		4B6CE2CA2464DE6A00DF5925 /* LocationSearchTable.swift in Sources */ = {isa = PBXBuildFile; fileRef = 4B6CE2C92464DE6A00DF5925 /* LocationSearchTable.swift */; };
		4BC8CE24246231CC004D27D9 /* AppDelegate.swift in Sources */ = {isa = PBXBuildFile; fileRef = 4BC8CE23246231CC004D27D9 /* AppDelegate.swift */; };
		4BC8CE26246231CC004D27D9 /* SceneDelegate.swift in Sources */ = {isa = PBXBuildFile; fileRef = 4BC8CE25246231CC004D27D9 /* SceneDelegate.swift */; };
		4BC8CE2D246231CC004D27D9 /* Main.storyboard in Resources */ = {isa = PBXBuildFile; fileRef = 4BC8CE2B246231CC004D27D9 /* Main.storyboard */; };
		4BC8CE2F246231D9004D27D9 /* Assets.xcassets in Resources */ = {isa = PBXBuildFile; fileRef = 4BC8CE2E246231D9004D27D9 /* Assets.xcassets */; };
		4BC8CE32246231D9004D27D9 /* LaunchScreen.storyboard in Resources */ = {isa = PBXBuildFile; fileRef = 4BC8CE30246231D9004D27D9 /* LaunchScreen.storyboard */; };
		4BC8CE3D246231DA004D27D9 /* WeatherlyTests.swift in Sources */ = {isa = PBXBuildFile; fileRef = 4BC8CE3C246231DA004D27D9 /* WeatherlyTests.swift */; };
		4BC8CE48246231DA004D27D9 /* WeatherlyUITests.swift in Sources */ = {isa = PBXBuildFile; fileRef = 4BC8CE47246231DA004D27D9 /* WeatherlyUITests.swift */; };
		4BC8CE59246234E4004D27D9 /* HomeViewController.swift in Sources */ = {isa = PBXBuildFile; fileRef = 4BC8CE58246234E4004D27D9 /* HomeViewController.swift */; };
		4BC8CE5B24623506004D27D9 /* DonateViewController.swift in Sources */ = {isa = PBXBuildFile; fileRef = 4BC8CE5A24623506004D27D9 /* DonateViewController.swift */; };
		4BC8CE5D2462351E004D27D9 /* SettingsViewController.swift in Sources */ = {isa = PBXBuildFile; fileRef = 4BC8CE5C2462351E004D27D9 /* SettingsViewController.swift */; };
/* End PBXBuildFile section */

/* Begin PBXContainerItemProxy section */
		4BC8CE39246231DA004D27D9 /* PBXContainerItemProxy */ = {
			isa = PBXContainerItemProxy;
			containerPortal = 4BC8CE18246231CC004D27D9 /* Project object */;
			proxyType = 1;
			remoteGlobalIDString = 4BC8CE1F246231CC004D27D9;
			remoteInfo = Weatherly;
		};
		4BC8CE44246231DA004D27D9 /* PBXContainerItemProxy */ = {
			isa = PBXContainerItemProxy;
			containerPortal = 4BC8CE18246231CC004D27D9 /* Project object */;
			proxyType = 1;
			remoteGlobalIDString = 4BC8CE1F246231CC004D27D9;
			remoteInfo = Weatherly;
		};
/* End PBXContainerItemProxy section */

/* Begin PBXFileReference section */
		4B66CDBC2463646E00485437 /* JSONFetcher.swift */ = {isa = PBXFileReference; lastKnownFileType = sourcecode.swift; path = JSONFetcher.swift; sourceTree = "<group>"; };
		4B66CDBE246364DC00485437 /* JSONFetcherDelegate.swift */ = {isa = PBXFileReference; lastKnownFileType = sourcecode.swift; path = JSONFetcherDelegate.swift; sourceTree = "<group>"; };
		4B66CDC02463650A00485437 /* WeatherModel.swift */ = {isa = PBXFileReference; lastKnownFileType = sourcecode.swift; path = WeatherModel.swift; sourceTree = "<group>"; };
		4B6CE2C92464DE6A00DF5925 /* LocationSearchTable.swift */ = {isa = PBXFileReference; lastKnownFileType = sourcecode.swift; path = LocationSearchTable.swift; sourceTree = "<group>"; };
		4BC8CE20246231CC004D27D9 /* Weatherly.app */ = {isa = PBXFileReference; explicitFileType = wrapper.application; includeInIndex = 0; path = Weatherly.app; sourceTree = BUILT_PRODUCTS_DIR; };
		4BC8CE23246231CC004D27D9 /* AppDelegate.swift */ = {isa = PBXFileReference; lastKnownFileType = sourcecode.swift; path = AppDelegate.swift; sourceTree = "<group>"; };
		4BC8CE25246231CC004D27D9 /* SceneDelegate.swift */ = {isa = PBXFileReference; lastKnownFileType = sourcecode.swift; path = SceneDelegate.swift; sourceTree = "<group>"; };
		4BC8CE2C246231CC004D27D9 /* Base */ = {isa = PBXFileReference; lastKnownFileType = file.storyboard; name = Base; path = Base.lproj/Main.storyboard; sourceTree = "<group>"; };
		4BC8CE2E246231D9004D27D9 /* Assets.xcassets */ = {isa = PBXFileReference; lastKnownFileType = folder.assetcatalog; path = Assets.xcassets; sourceTree = "<group>"; };
		4BC8CE31246231D9004D27D9 /* Base */ = {isa = PBXFileReference; lastKnownFileType = file.storyboard; name = Base; path = Base.lproj/LaunchScreen.storyboard; sourceTree = "<group>"; };
		4BC8CE33246231D9004D27D9 /* Info.plist */ = {isa = PBXFileReference; lastKnownFileType = text.plist.xml; path = Info.plist; sourceTree = "<group>"; };
		4BC8CE38246231DA004D27D9 /* WeatherlyTests.xctest */ = {isa = PBXFileReference; explicitFileType = wrapper.cfbundle; includeInIndex = 0; path = WeatherlyTests.xctest; sourceTree = BUILT_PRODUCTS_DIR; };
		4BC8CE3C246231DA004D27D9 /* WeatherlyTests.swift */ = {isa = PBXFileReference; lastKnownFileType = sourcecode.swift; path = WeatherlyTests.swift; sourceTree = "<group>"; };
		4BC8CE3E246231DA004D27D9 /* Info.plist */ = {isa = PBXFileReference; lastKnownFileType = text.plist.xml; path = Info.plist; sourceTree = "<group>"; };
		4BC8CE43246231DA004D27D9 /* WeatherlyUITests.xctest */ = {isa = PBXFileReference; explicitFileType = wrapper.cfbundle; includeInIndex = 0; path = WeatherlyUITests.xctest; sourceTree = BUILT_PRODUCTS_DIR; };
		4BC8CE47246231DA004D27D9 /* WeatherlyUITests.swift */ = {isa = PBXFileReference; lastKnownFileType = sourcecode.swift; path = WeatherlyUITests.swift; sourceTree = "<group>"; };
		4BC8CE49246231DA004D27D9 /* Info.plist */ = {isa = PBXFileReference; lastKnownFileType = text.plist.xml; path = Info.plist; sourceTree = "<group>"; };
		4BC8CE58246234E4004D27D9 /* HomeViewController.swift */ = {isa = PBXFileReference; lastKnownFileType = sourcecode.swift; path = HomeViewController.swift; sourceTree = "<group>"; };
		4BC8CE5A24623506004D27D9 /* DonateViewController.swift */ = {isa = PBXFileReference; lastKnownFileType = sourcecode.swift; path = DonateViewController.swift; sourceTree = "<group>"; };
		4BC8CE5C2462351E004D27D9 /* SettingsViewController.swift */ = {isa = PBXFileReference; lastKnownFileType = sourcecode.swift; path = SettingsViewController.swift; sourceTree = "<group>"; };
/* End PBXFileReference section */

/* Begin PBXFrameworksBuildPhase section */
		4BC8CE1D246231CC004D27D9 /* Frameworks */ = {
			isa = PBXFrameworksBuildPhase;
			buildActionMask = 2147483647;
			files = (
			);
			runOnlyForDeploymentPostprocessing = 0;
		};
		4BC8CE35246231DA004D27D9 /* Frameworks */ = {
			isa = PBXFrameworksBuildPhase;
			buildActionMask = 2147483647;
			files = (
			);
			runOnlyForDeploymentPostprocessing = 0;
		};
		4BC8CE40246231DA004D27D9 /* Frameworks */ = {
			isa = PBXFrameworksBuildPhase;
			buildActionMask = 2147483647;
			files = (
			);
			runOnlyForDeploymentPostprocessing = 0;
		};
/* End PBXFrameworksBuildPhase section */

/* Begin PBXGroup section */
		4BC8CE17246231CC004D27D9 = {
			isa = PBXGroup;
			children = (
				4BC8CE22246231CC004D27D9 /* Weatherly */,
				4BC8CE3B246231DA004D27D9 /* WeatherlyTests */,
				4BC8CE46246231DA004D27D9 /* WeatherlyUITests */,
				4BC8CE21246231CC004D27D9 /* Products */,
			);
			sourceTree = "<group>";
		};
		4BC8CE21246231CC004D27D9 /* Products */ = {
			isa = PBXGroup;
			children = (
				4BC8CE20246231CC004D27D9 /* Weatherly.app */,
				4BC8CE38246231DA004D27D9 /* WeatherlyTests.xctest */,
				4BC8CE43246231DA004D27D9 /* WeatherlyUITests.xctest */,
			);
			name = Products;
			sourceTree = "<group>";
		};
		4BC8CE22246231CC004D27D9 /* Weatherly */ = {
			isa = PBXGroup;
			children = (
				4BC8CE57246233FF004D27D9 /* Model */,
				4BC8CE56246233F7004D27D9 /* View */,
				4BC8CE55246233DC004D27D9 /* Controller */,
				4BC8CE23246231CC004D27D9 /* AppDelegate.swift */,
				4BC8CE25246231CC004D27D9 /* SceneDelegate.swift */,
				4BC8CE2E246231D9004D27D9 /* Assets.xcassets */,
				4BC8CE30246231D9004D27D9 /* LaunchScreen.storyboard */,
				4BC8CE33246231D9004D27D9 /* Info.plist */,
			);
			path = Weatherly;
			sourceTree = "<group>";
		};
		4BC8CE3B246231DA004D27D9 /* WeatherlyTests */ = {
			isa = PBXGroup;
			children = (
				4BC8CE3C246231DA004D27D9 /* WeatherlyTests.swift */,
				4BC8CE3E246231DA004D27D9 /* Info.plist */,
			);
			path = WeatherlyTests;
			sourceTree = "<group>";
		};
		4BC8CE46246231DA004D27D9 /* WeatherlyUITests */ = {
			isa = PBXGroup;
			children = (
				4BC8CE47246231DA004D27D9 /* WeatherlyUITests.swift */,
				4BC8CE49246231DA004D27D9 /* Info.plist */,
			);
			path = WeatherlyUITests;
			sourceTree = "<group>";
		};
		4BC8CE55246233DC004D27D9 /* Controller */ = {
			isa = PBXGroup;
			children = (
				4BC8CE58246234E4004D27D9 /* HomeViewController.swift */,
				4BC8CE5A24623506004D27D9 /* DonateViewController.swift */,
				4BC8CE5C2462351E004D27D9 /* SettingsViewController.swift */,
				4B6CE2C92464DE6A00DF5925 /* LocationSearchTable.swift */,
			);
			path = Controller;
			sourceTree = "<group>";
		};
		4BC8CE56246233F7004D27D9 /* View */ = {
			isa = PBXGroup;
			children = (
				4BC8CE2B246231CC004D27D9 /* Main.storyboard */,
			);
			path = View;
			sourceTree = "<group>";
		};
		4BC8CE57246233FF004D27D9 /* Model */ = {
			isa = PBXGroup;
			children = (
				4B66CDBC2463646E00485437 /* JSONFetcher.swift */,
				4B66CDBE246364DC00485437 /* JSONFetcherDelegate.swift */,
				4B66CDC02463650A00485437 /* WeatherModel.swift */,
			);
			path = Model;
			sourceTree = "<group>";
		};
/* End PBXGroup section */

/* Begin PBXNativeTarget section */
		4BC8CE1F246231CC004D27D9 /* Weatherly */ = {
			isa = PBXNativeTarget;
			buildConfigurationList = 4BC8CE4C246231DA004D27D9 /* Build configuration list for PBXNativeTarget "Weatherly" */;
			buildPhases = (
				4BC8CE1C246231CC004D27D9 /* Sources */,
				4BC8CE1D246231CC004D27D9 /* Frameworks */,
				4BC8CE1E246231CC004D27D9 /* Resources */,
			);
			buildRules = (
			);
			dependencies = (
			);
			name = Weatherly;
			productName = Weatherly;
			productReference = 4BC8CE20246231CC004D27D9 /* Weatherly.app */;
			productType = "com.apple.product-type.application";
		};
		4BC8CE37246231DA004D27D9 /* WeatherlyTests */ = {
			isa = PBXNativeTarget;
			buildConfigurationList = 4BC8CE4F246231DA004D27D9 /* Build configuration list for PBXNativeTarget "WeatherlyTests" */;
			buildPhases = (
				4BC8CE34246231DA004D27D9 /* Sources */,
				4BC8CE35246231DA004D27D9 /* Frameworks */,
				4BC8CE36246231DA004D27D9 /* Resources */,
			);
			buildRules = (
			);
			dependencies = (
				4BC8CE3A246231DA004D27D9 /* PBXTargetDependency */,
			);
			name = WeatherlyTests;
			productName = WeatherlyTests;
			productReference = 4BC8CE38246231DA004D27D9 /* WeatherlyTests.xctest */;
			productType = "com.apple.product-type.bundle.unit-test";
		};
		4BC8CE42246231DA004D27D9 /* WeatherlyUITests */ = {
			isa = PBXNativeTarget;
			buildConfigurationList = 4BC8CE52246231DA004D27D9 /* Build configuration list for PBXNativeTarget "WeatherlyUITests" */;
			buildPhases = (
				4BC8CE3F246231DA004D27D9 /* Sources */,
				4BC8CE40246231DA004D27D9 /* Frameworks */,
				4BC8CE41246231DA004D27D9 /* Resources */,
			);
			buildRules = (
			);
			dependencies = (
				4BC8CE45246231DA004D27D9 /* PBXTargetDependency */,
			);
			name = WeatherlyUITests;
			productName = WeatherlyUITests;
			productReference = 4BC8CE43246231DA004D27D9 /* WeatherlyUITests.xctest */;
			productType = "com.apple.product-type.bundle.ui-testing";
		};
/* End PBXNativeTarget section */

/* Begin PBXProject section */
		4BC8CE18246231CC004D27D9 /* Project object */ = {
			isa = PBXProject;
			attributes = {
				LastSwiftUpdateCheck = 1140;
				LastUpgradeCheck = 1140;
				ORGANIZATIONNAME = "Affan Zukić";
				TargetAttributes = {
					4BC8CE1F246231CC004D27D9 = {
						CreatedOnToolsVersion = 11.4.1;
					};
					4BC8CE37246231DA004D27D9 = {
						CreatedOnToolsVersion = 11.4.1;
						TestTargetID = 4BC8CE1F246231CC004D27D9;
					};
					4BC8CE42246231DA004D27D9 = {
						CreatedOnToolsVersion = 11.4.1;
						TestTargetID = 4BC8CE1F246231CC004D27D9;
					};
				};
			};
			buildConfigurationList = 4BC8CE1B246231CC004D27D9 /* Build configuration list for PBXProject "Weatherly" */;
			compatibilityVersion = "Xcode 9.3";
			developmentRegion = en;
			hasScannedForEncodings = 0;
			knownRegions = (
				en,
				Base,
			);
			mainGroup = 4BC8CE17246231CC004D27D9;
			productRefGroup = 4BC8CE21246231CC004D27D9 /* Products */;
			projectDirPath = "";
			projectRoot = "";
			targets = (
				4BC8CE1F246231CC004D27D9 /* Weatherly */,
				4BC8CE37246231DA004D27D9 /* WeatherlyTests */,
				4BC8CE42246231DA004D27D9 /* WeatherlyUITests */,
			);
		};
/* End PBXProject section */

/* Begin PBXResourcesBuildPhase section */
		4BC8CE1E246231CC004D27D9 /* Resources */ = {
			isa = PBXResourcesBuildPhase;
			buildActionMask = 2147483647;
			files = (
				4BC8CE32246231D9004D27D9 /* LaunchScreen.storyboard in Resources */,
				4BC8CE2F246231D9004D27D9 /* Assets.xcassets in Resources */,
				4BC8CE2D246231CC004D27D9 /* Main.storyboard in Resources */,
			);
			runOnlyForDeploymentPostprocessing = 0;
		};
		4BC8CE36246231DA004D27D9 /* Resources */ = {
			isa = PBXResourcesBuildPhase;
			buildActionMask = 2147483647;
			files = (
			);
			runOnlyForDeploymentPostprocessing = 0;
		};
		4BC8CE41246231DA004D27D9 /* Resources */ = {
			isa = PBXResourcesBuildPhase;
			buildActionMask = 2147483647;
			files = (
			);
			runOnlyForDeploymentPostprocessing = 0;
		};
/* End PBXResourcesBuildPhase section */

/* Begin PBXSourcesBuildPhase section */
		4BC8CE1C246231CC004D27D9 /* Sources */ = {
			isa = PBXSourcesBuildPhase;
			buildActionMask = 2147483647;
			files = (
				4BC8CE24246231CC004D27D9 /* AppDelegate.swift in Sources */,
				4BC8CE26246231CC004D27D9 /* SceneDelegate.swift in Sources */,
				4BC8CE59246234E4004D27D9 /* HomeViewController.swift in Sources */,
				4B6CE2CA2464DE6A00DF5925 /* LocationSearchTable.swift in Sources */,
				4B66CDBD2463646E00485437 /* JSONFetcher.swift in Sources */,
				4BC8CE5D2462351E004D27D9 /* SettingsViewController.swift in Sources */,
				4BC8CE5B24623506004D27D9 /* DonateViewController.swift in Sources */,
				4B66CDC12463650A00485437 /* WeatherModel.swift in Sources */,
				4B66CDBF246364DC00485437 /* JSONFetcherDelegate.swift in Sources */,
			);
			runOnlyForDeploymentPostprocessing = 0;
		};
		4BC8CE34246231DA004D27D9 /* Sources */ = {
			isa = PBXSourcesBuildPhase;
			buildActionMask = 2147483647;
			files = (
				4BC8CE3D246231DA004D27D9 /* WeatherlyTests.swift in Sources */,
			);
			runOnlyForDeploymentPostprocessing = 0;
		};
		4BC8CE3F246231DA004D27D9 /* Sources */ = {
			isa = PBXSourcesBuildPhase;
			buildActionMask = 2147483647;
			files = (
				4BC8CE48246231DA004D27D9 /* WeatherlyUITests.swift in Sources */,
			);
			runOnlyForDeploymentPostprocessing = 0;
		};
/* End PBXSourcesBuildPhase section */

/* Begin PBXTargetDependency section */
		4BC8CE3A246231DA004D27D9 /* PBXTargetDependency */ = {
			isa = PBXTargetDependency;
			target = 4BC8CE1F246231CC004D27D9 /* Weatherly */;
			targetProxy = 4BC8CE39246231DA004D27D9 /* PBXContainerItemProxy */;
		};
		4BC8CE45246231DA004D27D9 /* PBXTargetDependency */ = {
			isa = PBXTargetDependency;
			target = 4BC8CE1F246231CC004D27D9 /* Weatherly */;
			targetProxy = 4BC8CE44246231DA004D27D9 /* PBXContainerItemProxy */;
		};
/* End PBXTargetDependency section */

/* Begin PBXVariantGroup section */
		4BC8CE2B246231CC004D27D9 /* Main.storyboard */ = {
			isa = PBXVariantGroup;
			children = (
				4BC8CE2C246231CC004D27D9 /* Base */,
			);
			name = Main.storyboard;
			sourceTree = "<group>";
		};
		4BC8CE30246231D9004D27D9 /* LaunchScreen.storyboard */ = {
			isa = PBXVariantGroup;
			children = (
				4BC8CE31246231D9004D27D9 /* Base */,
			);
			name = LaunchScreen.storyboard;
			sourceTree = "<group>";
		};
/* End PBXVariantGroup section */

/* Begin XCBuildConfiguration section */
		4BC8CE4A246231DA004D27D9 /* Debug */ = {
			isa = XCBuildConfiguration;
			buildSettings = {
				ALWAYS_SEARCH_USER_PATHS = NO;
				CLANG_ANALYZER_NONNULL = YES;
				CLANG_ANALYZER_NUMBER_OBJECT_CONVERSION = YES_AGGRESSIVE;
				CLANG_CXX_LANGUAGE_STANDARD = "gnu++14";
				CLANG_CXX_LIBRARY = "libc++";
				CLANG_ENABLE_MODULES = YES;
				CLANG_ENABLE_OBJC_ARC = YES;
				CLANG_ENABLE_OBJC_WEAK = YES;
				CLANG_WARN_BLOCK_CAPTURE_AUTORELEASING = YES;
				CLANG_WARN_BOOL_CONVERSION = YES;
				CLANG_WARN_COMMA = YES;
				CLANG_WARN_CONSTANT_CONVERSION = YES;
				CLANG_WARN_DEPRECATED_OBJC_IMPLEMENTATIONS = YES;
				CLANG_WARN_DIRECT_OBJC_ISA_USAGE = YES_ERROR;
				CLANG_WARN_DOCUMENTATION_COMMENTS = YES;
				CLANG_WARN_EMPTY_BODY = YES;
				CLANG_WARN_ENUM_CONVERSION = YES;
				CLANG_WARN_INFINITE_RECURSION = YES;
				CLANG_WARN_INT_CONVERSION = YES;
				CLANG_WARN_NON_LITERAL_NULL_CONVERSION = YES;
				CLANG_WARN_OBJC_IMPLICIT_RETAIN_SELF = YES;
				CLANG_WARN_OBJC_LITERAL_CONVERSION = YES;
				CLANG_WARN_OBJC_ROOT_CLASS = YES_ERROR;
				CLANG_WARN_RANGE_LOOP_ANALYSIS = YES;
				CLANG_WARN_STRICT_PROTOTYPES = YES;
				CLANG_WARN_SUSPICIOUS_MOVE = YES;
				CLANG_WARN_UNGUARDED_AVAILABILITY = YES_AGGRESSIVE;
				CLANG_WARN_UNREACHABLE_CODE = YES;
				CLANG_WARN__DUPLICATE_METHOD_MATCH = YES;
				COPY_PHASE_STRIP = NO;
				DEBUG_INFORMATION_FORMAT = dwarf;
				ENABLE_STRICT_OBJC_MSGSEND = YES;
				ENABLE_TESTABILITY = YES;
				GCC_C_LANGUAGE_STANDARD = gnu11;
				GCC_DYNAMIC_NO_PIC = NO;
				GCC_NO_COMMON_BLOCKS = YES;
				GCC_OPTIMIZATION_LEVEL = 0;
				GCC_PREPROCESSOR_DEFINITIONS = (
					"DEBUG=1",
					"$(inherited)",
				);
				GCC_WARN_64_TO_32_BIT_CONVERSION = YES;
				GCC_WARN_ABOUT_RETURN_TYPE = YES_ERROR;
				GCC_WARN_UNDECLARED_SELECTOR = YES;
				GCC_WARN_UNINITIALIZED_AUTOS = YES_AGGRESSIVE;
				GCC_WARN_UNUSED_FUNCTION = YES;
				GCC_WARN_UNUSED_VARIABLE = YES;
				IPHONEOS_DEPLOYMENT_TARGET = 13.4;
				MTL_ENABLE_DEBUG_INFO = INCLUDE_SOURCE;
				MTL_FAST_MATH = YES;
				ONLY_ACTIVE_ARCH = YES;
				SDKROOT = iphoneos;
				SWIFT_ACTIVE_COMPILATION_CONDITIONS = DEBUG;
				SWIFT_OPTIMIZATION_LEVEL = "-Onone";
			};
			name = Debug;
		};
		4BC8CE4B246231DA004D27D9 /* Release */ = {
			isa = XCBuildConfiguration;
			buildSettings = {
				ALWAYS_SEARCH_USER_PATHS = NO;
				CLANG_ANALYZER_NONNULL = YES;
				CLANG_ANALYZER_NUMBER_OBJECT_CONVERSION = YES_AGGRESSIVE;
				CLANG_CXX_LANGUAGE_STANDARD = "gnu++14";
				CLANG_CXX_LIBRARY = "libc++";
				CLANG_ENABLE_MODULES = YES;
				CLANG_ENABLE_OBJC_ARC = YES;
				CLANG_ENABLE_OBJC_WEAK = YES;
				CLANG_WARN_BLOCK_CAPTURE_AUTORELEASING = YES;
				CLANG_WARN_BOOL_CONVERSION = YES;
				CLANG_WARN_COMMA = YES;
				CLANG_WARN_CONSTANT_CONVERSION = YES;
				CLANG_WARN_DEPRECATED_OBJC_IMPLEMENTATIONS = YES;
				CLANG_WARN_DIRECT_OBJC_ISA_USAGE = YES_ERROR;
				CLANG_WARN_DOCUMENTATION_COMMENTS = YES;
				CLANG_WARN_EMPTY_BODY = YES;
				CLANG_WARN_ENUM_CONVERSION = YES;
				CLANG_WARN_INFINITE_RECURSION = YES;
				CLANG_WARN_INT_CONVERSION = YES;
				CLANG_WARN_NON_LITERAL_NULL_CONVERSION = YES;
				CLANG_WARN_OBJC_IMPLICIT_RETAIN_SELF = YES;
				CLANG_WARN_OBJC_LITERAL_CONVERSION = YES;
				CLANG_WARN_OBJC_ROOT_CLASS = YES_ERROR;
				CLANG_WARN_RANGE_LOOP_ANALYSIS = YES;
				CLANG_WARN_STRICT_PROTOTYPES = YES;
				CLANG_WARN_SUSPICIOUS_MOVE = YES;
				CLANG_WARN_UNGUARDED_AVAILABILITY = YES_AGGRESSIVE;
				CLANG_WARN_UNREACHABLE_CODE = YES;
				CLANG_WARN__DUPLICATE_METHOD_MATCH = YES;
				COPY_PHASE_STRIP = NO;
				DEBUG_INFORMATION_FORMAT = "dwarf-with-dsym";
				ENABLE_NS_ASSERTIONS = NO;
				ENABLE_STRICT_OBJC_MSGSEND = YES;
				GCC_C_LANGUAGE_STANDARD = gnu11;
				GCC_NO_COMMON_BLOCKS = YES;
				GCC_WARN_64_TO_32_BIT_CONVERSION = YES;
				GCC_WARN_ABOUT_RETURN_TYPE = YES_ERROR;
				GCC_WARN_UNDECLARED_SELECTOR = YES;
				GCC_WARN_UNINITIALIZED_AUTOS = YES_AGGRESSIVE;
				GCC_WARN_UNUSED_FUNCTION = YES;
				GCC_WARN_UNUSED_VARIABLE = YES;
				IPHONEOS_DEPLOYMENT_TARGET = 13.4;
				MTL_ENABLE_DEBUG_INFO = NO;
				MTL_FAST_MATH = YES;
				SDKROOT = iphoneos;
				SWIFT_COMPILATION_MODE = wholemodule;
				SWIFT_OPTIMIZATION_LEVEL = "-O";
				VALIDATE_PRODUCT = YES;
			};
			name = Release;
		};
		4BC8CE4D246231DA004D27D9 /* Debug */ = {
			isa = XCBuildConfiguration;
			buildSettings = {
				ASSETCATALOG_COMPILER_APPICON_NAME = AppIcon;
				CODE_SIGN_STYLE = Automatic;
				DEVELOPMENT_TEAM = 7Q3QV63Q9M;
				INFOPLIST_FILE = Weatherly/Info.plist;
				LD_RUNPATH_SEARCH_PATHS = (
					"$(inherited)",
					"@executable_path/Frameworks",
				);
				PRODUCT_BUNDLE_IDENTIFIER = ba.affanzukic.Weatherly;
				PRODUCT_NAME = "$(TARGET_NAME)";
				SWIFT_VERSION = 5.0;
				TARGETED_DEVICE_FAMILY = 1;
			};
			name = Debug;
		};
		4BC8CE4E246231DA004D27D9 /* Release */ = {
			isa = XCBuildConfiguration;
			buildSettings = {
				ASSETCATALOG_COMPILER_APPICON_NAME = AppIcon;
				CODE_SIGN_STYLE = Automatic;
				DEVELOPMENT_TEAM = 7Q3QV63Q9M;
				INFOPLIST_FILE = Weatherly/Info.plist;
				LD_RUNPATH_SEARCH_PATHS = (
					"$(inherited)",
					"@executable_path/Frameworks",
				);
				PRODUCT_BUNDLE_IDENTIFIER = ba.affanzukic.Weatherly;
				PRODUCT_NAME = "$(TARGET_NAME)";
				SWIFT_VERSION = 5.0;
				TARGETED_DEVICE_FAMILY = 1;
			};
			name = Release;
		};
		4BC8CE50246231DA004D27D9 /* Debug */ = {
			isa = XCBuildConfiguration;
			buildSettings = {
				ALWAYS_EMBED_SWIFT_STANDARD_LIBRARIES = YES;
				BUNDLE_LOADER = "$(TEST_HOST)";
				CODE_SIGN_STYLE = Automatic;
				DEVELOPMENT_TEAM = 7Q3QV63Q9M;
				INFOPLIST_FILE = WeatherlyTests/Info.plist;
				IPHONEOS_DEPLOYMENT_TARGET = 13.4;
				LD_RUNPATH_SEARCH_PATHS = (
					"$(inherited)",
					"@executable_path/Frameworks",
					"@loader_path/Frameworks",
				);
				PRODUCT_BUNDLE_IDENTIFIER = ba.affanzukic.WeatherlyTests;
				PRODUCT_NAME = "$(TARGET_NAME)";
				SWIFT_VERSION = 5.0;
				TARGETED_DEVICE_FAMILY = "1,2";
				TEST_HOST = "$(BUILT_PRODUCTS_DIR)/Weatherly.app/Weatherly";
			};
			name = Debug;
		};
		4BC8CE51246231DA004D27D9 /* Release */ = {
			isa = XCBuildConfiguration;
			buildSettings = {
				ALWAYS_EMBED_SWIFT_STANDARD_LIBRARIES = YES;
				BUNDLE_LOADER = "$(TEST_HOST)";
				CODE_SIGN_STYLE = Automatic;
				DEVELOPMENT_TEAM = 7Q3QV63Q9M;
				INFOPLIST_FILE = WeatherlyTests/Info.plist;
				IPHONEOS_DEPLOYMENT_TARGET = 13.4;
				LD_RUNPATH_SEARCH_PATHS = (
					"$(inherited)",
					"@executable_path/Frameworks",
					"@loader_path/Frameworks",
				);
				PRODUCT_BUNDLE_IDENTIFIER = ba.affanzukic.WeatherlyTests;
				PRODUCT_NAME = "$(TARGET_NAME)";
				SWIFT_VERSION = 5.0;
				TARGETED_DEVICE_FAMILY = "1,2";
				TEST_HOST = "$(BUILT_PRODUCTS_DIR)/Weatherly.app/Weatherly";
			};
			name = Release;
		};
		4BC8CE53246231DA004D27D9 /* Debug */ = {
			isa = XCBuildConfiguration;
			buildSettings = {
				ALWAYS_EMBED_SWIFT_STANDARD_LIBRARIES = YES;
				CODE_SIGN_STYLE = Automatic;
				DEVELOPMENT_TEAM = 7Q3QV63Q9M;
				INFOPLIST_FILE = WeatherlyUITests/Info.plist;
				LD_RUNPATH_SEARCH_PATHS = (
					"$(inherited)",
					"@executable_path/Frameworks",
					"@loader_path/Frameworks",
				);
				PRODUCT_BUNDLE_IDENTIFIER = ba.affanzukic.WeatherlyUITests;
				PRODUCT_NAME = "$(TARGET_NAME)";
				SWIFT_VERSION = 5.0;
				TARGETED_DEVICE_FAMILY = "1,2";
				TEST_TARGET_NAME = Weatherly;
			};
			name = Debug;
		};
		4BC8CE54246231DA004D27D9 /* Release */ = {
			isa = XCBuildConfiguration;
			buildSettings = {
				ALWAYS_EMBED_SWIFT_STANDARD_LIBRARIES = YES;
				CODE_SIGN_STYLE = Automatic;
				DEVELOPMENT_TEAM = 7Q3QV63Q9M;
				INFOPLIST_FILE = WeatherlyUITests/Info.plist;
				LD_RUNPATH_SEARCH_PATHS = (
					"$(inherited)",
					"@executable_path/Frameworks",
					"@loader_path/Frameworks",
				);
				PRODUCT_BUNDLE_IDENTIFIER = ba.affanzukic.WeatherlyUITests;
				PRODUCT_NAME = "$(TARGET_NAME)";
				SWIFT_VERSION = 5.0;
				TARGETED_DEVICE_FAMILY = "1,2";
				TEST_TARGET_NAME = Weatherly;
			};
			name = Release;
		};
/* End XCBuildConfiguration section */

/* Begin XCConfigurationList section */
		4BC8CE1B246231CC004D27D9 /* Build configuration list for PBXProject "Weatherly" */ = {
			isa = XCConfigurationList;
			buildConfigurations = (
				4BC8CE4A246231DA004D27D9 /* Debug */,
				4BC8CE4B246231DA004D27D9 /* Release */,
			);
			defaultConfigurationIsVisible = 0;
			defaultConfigurationName = Release;
		};
		4BC8CE4C246231DA004D27D9 /* Build configuration list for PBXNativeTarget "Weatherly" */ = {
			isa = XCConfigurationList;
			buildConfigurations = (
				4BC8CE4D246231DA004D27D9 /* Debug */,
				4BC8CE4E246231DA004D27D9 /* Release */,
			);
			defaultConfigurationIsVisible = 0;
			defaultConfigurationName = Release;
		};
		4BC8CE4F246231DA004D27D9 /* Build configuration list for PBXNativeTarget "WeatherlyTests" */ = {
			isa = XCConfigurationList;
			buildConfigurations = (
				4BC8CE50246231DA004D27D9 /* Debug */,
				4BC8CE51246231DA004D27D9 /* Release */,
			);
			defaultConfigurationIsVisible = 0;
			defaultConfigurationName = Release;
		};
		4BC8CE52246231DA004D27D9 /* Build configuration list for PBXNativeTarget "WeatherlyUITests" */ = {
			isa = XCConfigurationList;
			buildConfigurations = (
				4BC8CE53246231DA004D27D9 /* Debug */,
				4BC8CE54246231DA004D27D9 /* Release */,
			);
			defaultConfigurationIsVisible = 0;
			defaultConfigurationName = Release;
		};
/* End XCConfigurationList section */
	};
	rootObject = 4BC8CE18246231CC004D27D9 /* Project object */;
}
